
Microsoft Visual Studio Solution File, Format Version 12.00
# Visual Studio Version 16
VisualStudioVersion = 16.0.34601.136
MinimumVisualStudioVersion = 10.0.40219.1
Project("{FAE04EC0-301F-11D3-BF4B-00C04F79EFBC}") = "Zekohop", "Zekohop\Zekohop.csproj", "{7834FE45-59E2-408C-9F7C-7239DECB5E3D}"
EndProject
Global
	GlobalSection(SolutionConfigurationPlatforms) = preSolution
		Debug|Any CPU = Debug|Any CPU
		Release|Any CPU = Release|Any CPU
	EndGlobalSection
	GlobalSection(ProjectConfigurationPlatforms) = postSolution
		{7834FE45-59E2-408C-9F7C-7239DECB5E3D}.Debug|Any CPU.ActiveCfg = Debug|Any CPU
		{7834FE45-59E2-408C-9F7C-7239DECB5E3D}.Debug|Any CPU.Build.0 = Debug|Any CPU
		{7834FE45-59E2-408C-9F7C-7239DECB5E3D}.Release|Any CPU.ActiveCfg = Release|Any CPU
		{7834FE45-59E2-408C-9F7C-7239DECB5E3D}.Release|Any CPU.Build.0 = Release|Any CPU
	EndGlobalSection
	GlobalSection(SolutionProperties) = preSolution
		HideSolutionNode = FALSE
	EndGlobalSection
	GlobalSection(ExtensibilityGlobals) = postSolution
		SolutionGuid = {C4F19ABB-3CA3-43A7-B5C7-64DB6EF2C8F9}
	EndGlobalSection
EndGlobal
